// !$*UTF8*$!
{
	archiveVersion = 1;
	classes = {
	};
	objectVersion = 50;
	objects = {

/* Begin PBXBuildFile section */
		D0B3EFF6228DE59E00A1EEA4 /* AppDelegate.swift in Sources */ = {isa = PBXBuildFile; fileRef = D0B3EFF5228DE59E00A1EEA4 /* AppDelegate.swift */; };
		D0B3EFFB228DE59E00A1EEA4 /* Main.storyboard in Resources */ = {isa = PBXBuildFile; fileRef = D0B3EFF9228DE59E00A1EEA4 /* Main.storyboard */; };
		D0B3EFFE228DE59E00A1EEA4 /* CasimirJustin_DoggyDiet.xcdatamodeld in Sources */ = {isa = PBXBuildFile; fileRef = D0B3EFFC228DE59E00A1EEA4 /* CasimirJustin_DoggyDiet.xcdatamodeld */; };
		D0B3F000228DE5A000A1EEA4 /* Assets.xcassets in Resources */ = {isa = PBXBuildFile; fileRef = D0B3EFFF228DE5A000A1EEA4 /* Assets.xcassets */; };
		D0B3F003228DE5A000A1EEA4 /* LaunchScreen.storyboard in Resources */ = {isa = PBXBuildFile; fileRef = D0B3F001228DE5A000A1EEA4 /* LaunchScreen.storyboard */; };
		D0EFFA4D2297069800E06639 /* ViewController.swift in Sources */ = {isa = PBXBuildFile; fileRef = D0EFFA4C2297069800E06639 /* ViewController.swift */; };
/* End PBXBuildFile section */

/* Begin PBXFileReference section */
		D0B3EFF2228DE59E00A1EEA4 /* CasimirJustin_DoggyDiet.app */ = {isa = PBXFileReference; explicitFileType = wrapper.application; includeInIndex = 0; path = CasimirJustin_DoggyDiet.app; sourceTree = BUILT_PRODUCTS_DIR; };
		D0B3EFF5228DE59E00A1EEA4 /* AppDelegate.swift */ = {isa = PBXFileReference; lastKnownFileType = sourcecode.swift; path = AppDelegate.swift; sourceTree = "<group>"; };
		D0B3EFFA228DE59E00A1EEA4 /* Base */ = {isa = PBXFileReference; lastKnownFileType = file.storyboard; name = Base; path = Base.lproj/Main.storyboard; sourceTree = "<group>"; };
		D0B3EFFD228DE59E00A1EEA4 /* CasimirJustin_DoggyDiet.xcdatamodel */ = {isa = PBXFileReference; lastKnownFileType = wrapper.xcdatamodel; path = CasimirJustin_DoggyDiet.xcdatamodel; sourceTree = "<group>"; };
		D0B3EFFF228DE5A000A1EEA4 /* Assets.xcassets */ = {isa = PBXFileReference; lastKnownFileType = folder.assetcatalog; path = Assets.xcassets; sourceTree = "<group>"; };
		D0B3F002228DE5A000A1EEA4 /* Base */ = {isa = PBXFileReference; lastKnownFileType = file.storyboard; name = Base; path = Base.lproj/LaunchScreen.storyboard; sourceTree = "<group>"; };
		D0B3F004228DE5A000A1EEA4 /* Info.plist */ = {isa = PBXFileReference; lastKnownFileType = text.plist.xml; path = Info.plist; sourceTree = "<group>"; };
		D0EFFA4C2297069800E06639 /* ViewController.swift */ = {isa = PBXFileReference; lastKnownFileType = sourcecode.swift; path = ViewController.swift; sourceTree = "<group>"; };
/* End PBXFileReference section */

/* Begin PBXFrameworksBuildPhase section */
		D0B3EFEF228DE59E00A1EEA4 /* Frameworks */ = {
			isa = PBXFrameworksBuildPhase;
			buildActionMask = 2147483647;
			files = (
			);
			runOnlyForDeploymentPostprocessing = 0;
		};
/* End PBXFrameworksBuildPhase section */

/* Begin PBXGroup section */
		D0B3EFE9228DE59E00A1EEA4 = {
			isa = PBXGroup;
			children = (
				D0B3EFF4228DE59E00A1EEA4 /* CasimirJustin_DoggyDiet */,
				D0B3EFF3228DE59E00A1EEA4 /* Products */,
			);
			sourceTree = "<group>";
		};
		D0B3EFF3228DE59E00A1EEA4 /* Products */ = {
			isa = PBXGroup;
			children = (
				D0B3EFF2228DE59E00A1EEA4 /* CasimirJustin_DoggyDiet.app */,
			);
			name = Products;
			sourceTree = "<group>";
		};
		D0B3EFF4228DE59E00A1EEA4 /* CasimirJustin_DoggyDiet */ = {
			isa = PBXGroup;
			children = (
				D0B3EFF5228DE59E00A1EEA4 /* AppDelegate.swift */,
				D0B3EFF9228DE59E00A1EEA4 /* Main.storyboard */,
				D0EFFA4C2297069800E06639 /* ViewController.swift */,
				D0B3EFFF228DE5A000A1EEA4 /* Assets.xcassets */,
				D0B3F001228DE5A000A1EEA4 /* LaunchScreen.storyboard */,
				D0B3F004228DE5A000A1EEA4 /* Info.plist */,
				D0B3EFFC228DE59E00A1EEA4 /* CasimirJustin_DoggyDiet.xcdatamodeld */,
			);
			path = CasimirJustin_DoggyDiet;
			sourceTree = "<group>";
		};
/* End PBXGroup section */

/* Begin PBXNativeTarget section */
		D0B3EFF1228DE59E00A1EEA4 /* CasimirJustin_DoggyDiet */ = {
			isa = PBXNativeTarget;
			buildConfigurationList = D0B3F007228DE5A000A1EEA4 /* Build configuration list for PBXNativeTarget "CasimirJustin_DoggyDiet" */;
			buildPhases = (
				D0B3EFEE228DE59E00A1EEA4 /* Sources */,
				D0B3EFEF228DE59E00A1EEA4 /* Frameworks */,
				D0B3EFF0228DE59E00A1EEA4 /* Resources */,
			);
			buildRules = (
			);
			dependencies = (
			);
			name = CasimirJustin_DoggyDiet;
			productName = CasimirJustin_DoggyDiet;
			productReference = D0B3EFF2228DE59E00A1EEA4 /* CasimirJustin_DoggyDiet.app */;
			productType = "com.apple.product-type.application";
		};
/* End PBXNativeTarget section */

/* Begin PBXProject section */
		D0B3EFEA228DE59E00A1EEA4 /* Project object */ = {
			isa = PBXProject;
			attributes = {
				LastSwiftUpdateCheck = 1020;
				LastUpgradeCheck = 1020;
				ORGANIZATIONNAME = "Justin Casimir";
				TargetAttributes = {
					D0B3EFF1228DE59E00A1EEA4 = {
						CreatedOnToolsVersion = 10.2;
					};
				};
			};
			buildConfigurationList = D0B3EFED228DE59E00A1EEA4 /* Build configuration list for PBXProject "CasimirJustin_DoggyDiet" */;
			compatibilityVersion = "Xcode 9.3";
			developmentRegion = en;
			hasScannedForEncodings = 0;
			knownRegions = (
				en,
				Base,
			);
			mainGroup = D0B3EFE9228DE59E00A1EEA4;
			productRefGroup = D0B3EFF3228DE59E00A1EEA4 /* Products */;
			projectDirPath = "";
			projectRoot = "";
			targets = (
				D0B3EFF1228DE59E00A1EEA4 /* CasimirJustin_DoggyDiet */,
			);
		};
/* End PBXProject section */

/* Begin PBXResourcesBuildPhase section */
		D0B3EFF0228DE59E00A1EEA4 /* Resources */ = {
			isa = PBXResourcesBuildPhase;
			buildActionMask = 2147483647;
			files = (
				D0B3F003228DE5A000A1EEA4 /* LaunchScreen.storyboard in Resources */,
				D0B3F000228DE5A000A1EEA4 /* Assets.xcassets in Resources */,
				D0B3EFFB228DE59E00A1EEA4 /* Main.storyboard in Resources */,
			);
			runOnlyForDeploymentPostprocessing = 0;
		};
/* End PBXResourcesBuildPhase section */

/* Begin PBXSourcesBuildPhase section */
		D0B3EFEE228DE59E00A1EEA4 /* Sources */ = {
			isa = PBXSourcesBuildPhase;
			buildActionMask = 2147483647;
			files = (
				D0EFFA4D2297069800E06639 /* ViewController.swift in Sources */,
				D0B3EFFE228DE59E00A1EEA4 /* CasimirJustin_DoggyDiet.xcdatamodeld in Sources */,
				D0B3EFF6228DE59E00A1EEA4 /* AppDelegate.swift in Sources */,
			);
			runOnlyForDeploymentPostprocessing = 0;
		};
/* End PBXSourcesBuildPhase section */

/* Begin PBXVariantGroup section */
		D0B3EFF9228DE59E00A1EEA4 /* Main.storyboard */ = {
			isa = PBXVariantGroup;
			children = (
				D0B3EFFA228DE59E00A1EEA4 /* Base */,
			);
			name = Main.storyboard;
			sourceTree = "<group>";
		};
		D0B3F001228DE5A000A1EEA4 /* LaunchScreen.storyboard */ = {
			isa = PBXVariantGroup;
			children = (
				D0B3F002228DE5A000A1EEA4 /* Base */,
			);
			name = LaunchScreen.storyboard;
			sourceTree = "<group>";
		};
/* End PBXVariantGroup section */

/* Begin XCBuildConfiguration section */
		D0B3F005228DE5A000A1EEA4 /* Debug */ = {
			isa = XCBuildConfiguration;
			buildSettings = {
				ALWAYS_SEARCH_USER_PATHS = NO;
				CLANG_ANALYZER_NONNULL = YES;
				CLANG_ANALYZER_NUMBER_OBJECT_CONVERSION = YES_AGGRESSIVE;
				CLANG_CXX_LANGUAGE_STANDARD = "gnu++14";
				CLANG_CXX_LIBRARY = "libc++";
				CLANG_ENABLE_MODULES = YES;
				CLANG_ENABLE_OBJC_ARC = YES;
				CLANG_ENABLE_OBJC_WEAK = YES;
				CLANG_WARN_BLOCK_CAPTURE_AUTORELEASING = YES;
				CLANG_WARN_BOOL_CONVERSION = YES;
				CLANG_WARN_COMMA = YES;
				CLANG_WARN_CONSTANT_CONVERSION = YES;
				CLANG_WARN_DEPRECATED_OBJC_IMPLEMENTATIONS = YES;
				CLANG_WARN_DIRECT_OBJC_ISA_USAGE = YES_ERROR;
				CLANG_WARN_DOCUMENTATION_COMMENTS = YES;
				CLANG_WARN_EMPTY_BODY = YES;
				CLANG_WARN_ENUM_CONVERSION = YES;
				CLANG_WARN_INFINITE_RECURSION = YES;
				CLANG_WARN_INT_CONVERSION = YES;
				CLANG_WARN_NON_LITERAL_NULL_CONVERSION = YES;
				CLANG_WARN_OBJC_IMPLICIT_RETAIN_SELF = YES;
				CLANG_WARN_OBJC_LITERAL_CONVERSION = YES;
				CLANG_WARN_OBJC_ROOT_CLASS = YES_ERROR;
				CLANG_WARN_RANGE_LOOP_ANALYSIS = YES;
				CLANG_WARN_STRICT_PROTOTYPES = YES;
				CLANG_WARN_SUSPICIOUS_MOVE = YES;
				CLANG_WARN_UNGUARDED_AVAILABILITY = YES_AGGRESSIVE;
				CLANG_WARN_UNREACHABLE_CODE = YES;
				CLANG_WARN__DUPLICATE_METHOD_MATCH = YES;
				CODE_SIGN_IDENTITY = "iPhone Developer";
				COPY_PHASE_STRIP = NO;
				DEBUG_INFORMATION_FORMAT = dwarf;
				ENABLE_STRICT_OBJC_MSGSEND = YES;
				ENABLE_TESTABILITY = YES;
				GCC_C_LANGUAGE_STANDARD = gnu11;
				GCC_DYNAMIC_NO_PIC = NO;
				GCC_NO_COMMON_BLOCKS = YES;
				GCC_OPTIMIZATION_LEVEL = 0;
				GCC_PREPROCESSOR_DEFINITIONS = (
					"DEBUG=1",
					"$(inherited)",
				);
				GCC_WARN_64_TO_32_BIT_CONVERSION = YES;
				GCC_WARN_ABOUT_RETURN_TYPE = YES_ERROR;
				GCC_WARN_UNDECLARED_SELECTOR = YES;
				GCC_WARN_UNINITIALIZED_AUTOS = YES_AGGRESSIVE;
				GCC_WARN_UNUSED_FUNCTION = YES;
				GCC_WARN_UNUSED_VARIABLE = YES;
				IPHONEOS_DEPLOYMENT_TARGET = 12.2;
				MTL_ENABLE_DEBUG_INFO = INCLUDE_SOURCE;
				MTL_FAST_MATH = YES;
				ONLY_ACTIVE_ARCH = YES;
				SDKROOT = iphoneos;
				SWIFT_ACTIVE_COMPILATION_CONDITIONS = DEBUG;
				SWIFT_OPTIMIZATION_LEVEL = "-Onone";
			};
			name = Debug;
		};
		D0B3F006228DE5A000A1EEA4 /* Release */ = {
			isa = XCBuildConfiguration;
			buildSettings = {
				ALWAYS_SEARCH_USER_PATHS = NO;
				CLANG_ANALYZER_NONNULL = YES;
				CLANG_ANALYZER_NUMBER_OBJECT_CONVERSION = YES_AGGRESSIVE;
				CLANG_CXX_LANGUAGE_STANDARD = "gnu++14";
				CLANG_CXX_LIBRARY = "libc++";
				CLANG_ENABLE_MODULES = YES;
				CLANG_ENABLE_OBJC_ARC = YES;
				CLANG_ENABLE_OBJC_WEAK = YES;
				CLANG_WARN_BLOCK_CAPTURE_AUTORELEASING = YES;
				CLANG_WARN_BOOL_CONVERSION = YES;
				CLANG_WARN_COMMA = YES;
				CLANG_WARN_CONSTANT_CONVERSION = YES;
				CLANG_WARN_DEPRECATED_OBJC_IMPLEMENTATIONS = YES;
				CLANG_WARN_DIRECT_OBJC_ISA_USAGE = YES_ERROR;
				CLANG_WARN_DOCUMENTATION_COMMENTS = YES;
				CLANG_WARN_EMPTY_BODY = YES;
				CLANG_WARN_ENUM_CONVERSION = YES;
				CLANG_WARN_INFINITE_RECURSION = YES;
				CLANG_WARN_INT_CONVERSION = YES;
				CLANG_WARN_NON_LITERAL_NULL_CONVERSION = YES;
				CLANG_WARN_OBJC_IMPLICIT_RETAIN_SELF = YES;
				CLANG_WARN_OBJC_LITERAL_CONVERSION = YES;
				CLANG_WARN_OBJC_ROOT_CLASS = YES_ERROR;
				CLANG_WARN_RANGE_LOOP_ANALYSIS = YES;
				CLANG_WARN_STRICT_PROTOTYPES = YES;
				CLANG_WARN_SUSPICIOUS_MOVE = YES;
				CLANG_WARN_UNGUARDED_AVAILABILITY = YES_AGGRESSIVE;
				CLANG_WARN_UNREACHABLE_CODE = YES;
				CLANG_WARN__DUPLICATE_METHOD_MATCH = YES;
				CODE_SIGN_IDENTITY = "iPhone Developer";
				COPY_PHASE_STRIP = NO;
				DEBUG_INFORMATION_FORMAT = "dwarf-with-dsym";
				ENABLE_NS_ASSERTIONS = NO;
				ENABLE_STRICT_OBJC_MSGSEND = YES;
				GCC_C_LANGUAGE_STANDARD = gnu11;
				GCC_NO_COMMON_BLOCKS = YES;
				GCC_WARN_64_TO_32_BIT_CONVERSION = YES;
				GCC_WARN_ABOUT_RETURN_TYPE = YES_ERROR;
				GCC_WARN_UNDECLARED_SELECTOR = YES;
				GCC_WARN_UNINITIALIZED_AUTOS = YES_AGGRESSIVE;
				GCC_WARN_UNUSED_FUNCTION = YES;
				GCC_WARN_UNUSED_VARIABLE = YES;
				IPHONEOS_DEPLOYMENT_TARGET = 12.2;
				MTL_ENABLE_DEBUG_INFO = NO;
				MTL_FAST_MATH = YES;
				SDKROOT = iphoneos;
				SWIFT_COMPILATION_MODE = wholemodule;
				SWIFT_OPTIMIZATION_LEVEL = "-O";
				VALIDATE_PRODUCT = YES;
			};
			name = Release;
		};
		D0B3F008228DE5A000A1EEA4 /* Debug */ = {
			isa = XCBuildConfiguration;
			buildSettings = {
				ASSETCATALOG_COMPILER_APPICON_NAME = AppIcon;
				CODE_SIGN_STYLE = Automatic;
				DEVELOPMENT_TEAM = 3NY3EFHZH5;
				INFOPLIST_FILE = CasimirJustin_DoggyDiet/Info.plist;
				LD_RUNPATH_SEARCH_PATHS = (
					"$(inherited)",
					"@executable_path/Frameworks",
				);
				PRODUCT_BUNDLE_IDENTIFIER = "com.Casimir.CasimirJustin-DoggyDiet";
				PRODUCT_NAME = "$(TARGET_NAME)";
				SWIFT_VERSION = 5.0;
				TARGETED_DEVICE_FAMILY = "1,2";
			};
			name = Debug;
		};
		D0B3F009228DE5A000A1EEA4 /* Release */ = {
			isa = XCBuildConfiguration;
			buildSettings = {
				ASSETCATALOG_COMPILER_APPICON_NAME = AppIcon;
				CODE_SIGN_STYLE = Automatic;
				DEVELOPMENT_TEAM = 3NY3EFHZH5;
				INFOPLIST_FILE = CasimirJustin_DoggyDiet/Info.plist;
				LD_RUNPATH_SEARCH_PATHS = (
					"$(inherited)",
					"@executable_path/Frameworks",
				);
				PRODUCT_BUNDLE_IDENTIFIER = "com.Casimir.CasimirJustin-DoggyDiet";
				PRODUCT_NAME = "$(TARGET_NAME)";
				SWIFT_VERSION = 5.0;
				TARGETED_DEVICE_FAMILY = "1,2";
			};
			name = Release;
		};
/* End XCBuildConfiguration section */

/* Begin XCConfigurationList section */
		D0B3EFED228DE59E00A1EEA4 /* Build configuration list for PBXProject "CasimirJustin_DoggyDiet" */ = {
			isa = XCConfigurationList;
			buildConfigurations = (
				D0B3F005228DE5A000A1EEA4 /* Debug */,
				D0B3F006228DE5A000A1EEA4 /* Release */,
			);
			defaultConfigurationIsVisible = 0;
			defaultConfigurationName = Release;
		};
		D0B3F007228DE5A000A1EEA4 /* Build configuration list for PBXNativeTarget "CasimirJustin_DoggyDiet" */ = {
			isa = XCConfigurationList;
			buildConfigurations = (
				D0B3F008228DE5A000A1EEA4 /* Debug */,
				D0B3F009228DE5A000A1EEA4 /* Release */,
			);
			defaultConfigurationIsVisible = 0;
			defaultConfigurationName = Release;
		};
/* End XCConfigurationList section */

/* Begin XCVersionGroup section */
		D0B3EFFC228DE59E00A1EEA4 /* CasimirJustin_DoggyDiet.xcdatamodeld */ = {
			isa = XCVersionGroup;
			children = (
				D0B3EFFD228DE59E00A1EEA4 /* CasimirJustin_DoggyDiet.xcdatamodel */,
			);
			currentVersion = D0B3EFFD228DE59E00A1EEA4 /* CasimirJustin_DoggyDiet.xcdatamodel */;
			path = CasimirJustin_DoggyDiet.xcdatamodeld;
			sourceTree = "<group>";
			versionGroupType = wrapper.xcdatamodel;
		};
/* End XCVersionGroup section */
	};
	rootObject = D0B3EFEA228DE59E00A1EEA4 /* Project object */;
}
